github.com/phpdave11/gofpdi v1.0.11 h1:wsBNx+3S0wy1dEp6fzv281S74ogZGgIdYWV2PugWgho=
github.com/phpdave11/gofpdi v1.0.11/go.mod h1:vBmVV0Do6hSBHC8uKUQ71JGW+ZGQq74llk/7bXwjDoI=
github.com/pkg/errors v0.8.1 h1:iURUrRGxPUNPdy5/HRSm+Yj6okJ6UtLINN0Q9M4+h3I=
github.com/pkg/errors v0.8.1/go.mod h1:bwawxfHBFNV+L2hUp1rHADufV3IMtnDRdf1r5NINEl0=
github.com/signintech/gopdf v0.15.0 h1:oZ3dJYUjGvZ/nOaXRFRZBbHVLH5IvjAliHFZVMiy7ZM=
github.com/signintech/gopdf v0.15.0/go.mod h1:a+E8HlIuBwghPyoo7UaoB5UaL7zklDzmYVIAHoW/Rlw=
github.com/skip2/go-qrcode v0.0.0-20200617195104-da1b6568686e h1:MRM5ITcdelLK2j1vwZ3Je0FKVCfqOLp5zO6trqMLYs0=
github.com/skip2/go-qrcode v0.0.0-20200617195104-da1b6568686e/go.mod h1:XV66xRDqSt+GTGFMVlhk3ULuV0y9ZmzeVGR4mloJI3M=
